{
  "name": "nodespad",
  "lockfileVersion": 3,
  "requires": true,
  "packages": {
    "": {
      "dependencies": {
        "gkm": "^0.2.0"
      }
    },
    "node_modules/eventemitter2": {
      "version": "0.4.14",
      "resolved": "https://registry.npmjs.org/eventemitter2/-/eventemitter2-0.4.14.tgz",
      "integrity": "sha512-K7J4xq5xAD5jHsGM5ReWXRTFa3JRGofHiMcVgQ8PRwgWxzjHpMWCIzsmyf60+mh8KLsqYPcjUMa0AC4hd6lPyQ=="
    },
    "node_modules/gkm": {
      "version": "0.2.0",
      "resolved": "https://registry.npmjs.org/gkm/-/gkm-0.2.0.tgz",
      "integrity": "sha512-Lp8cZ90/PoPnn9aCqXWpnq8JuxgqveivNHO8nveDjH+ShUUNmY6x4IZuM0hTBqMk+oJAxxmrS//iw6vXOQPSZw==",
      "dependencies": {
        "eventemitter2": "~0.4.13"
      }
    }
  }
}
